
Microsoft Visual Studio Solution File, Format Version 12.00
# Visual Studio Version 17
VisualStudioVersion = 17.3.32929.385
MinimumVisualStudioVersion = 10.0.40219.1
Project("{9A19103F-16F7-4668-BE54-9A1E7A4F7556}") = "EnglishWordSet", "EnglishWordSet\EnglishWordSet.csproj", "{20F41291-8C74-4874-A2AB-4EFC60327C2A}"
EndProject
Project("{FAE04EC0-301F-11D3-BF4B-00C04F79EFBC}") = "Entities", "Entities\Entities.csproj", "{B0301860-2BC4-42F8-851F-B9F207D0B886}"
EndProject
Project("{FAE04EC0-301F-11D3-BF4B-00C04F79EFBC}") = "DataAccess", "DataAccess\DataAccess.csproj", "{B634961B-9746-4962-A162-667CEF36369A}"
EndProject
Global
	GlobalSection(SolutionConfigurationPlatforms) = preSolution
		Debug|Any CPU = Debug|Any CPU
		Release|Any CPU = Release|Any CPU
	EndGlobalSection
	GlobalSection(ProjectConfigurationPlatforms) = postSolution
		{20F41291-8C74-4874-A2AB-4EFC60327C2A}.Debug|Any CPU.ActiveCfg = Debug|Any CPU
		{20F41291-8C74-4874-A2AB-4EFC60327C2A}.Debug|Any CPU.Build.0 = Debug|Any CPU
		{20F41291-8C74-4874-A2AB-4EFC60327C2A}.Release|Any CPU.ActiveCfg = Release|Any CPU
		{20F41291-8C74-4874-A2AB-4EFC60327C2A}.Release|Any CPU.Build.0 = Release|Any CPU
		{B0301860-2BC4-42F8-851F-B9F207D0B886}.Debug|Any CPU.ActiveCfg = Debug|Any CPU
		{B0301860-2BC4-42F8-851F-B9F207D0B886}.Debug|Any CPU.Build.0 = Debug|Any CPU
		{B0301860-2BC4-42F8-851F-B9F207D0B886}.Release|Any CPU.ActiveCfg = Release|Any CPU
		{B0301860-2BC4-42F8-851F-B9F207D0B886}.Release|Any CPU.Build.0 = Release|Any CPU
		{B634961B-9746-4962-A162-667CEF36369A}.Debug|Any CPU.ActiveCfg = Debug|Any CPU
		{B634961B-9746-4962-A162-667CEF36369A}.Debug|Any CPU.Build.0 = Debug|Any CPU
		{B634961B-9746-4962-A162-667CEF36369A}.Release|Any CPU.ActiveCfg = Release|Any CPU
		{B634961B-9746-4962-A162-667CEF36369A}.Release|Any CPU.Build.0 = Release|Any CPU
	EndGlobalSection
	GlobalSection(SolutionProperties) = preSolution
		HideSolutionNode = FALSE
	EndGlobalSection
	GlobalSection(ExtensibilityGlobals) = postSolution
		SolutionGuid = {AFD5BD4A-8D92-4142-829A-00A95F7CC525}
	EndGlobalSection
EndGlobal
